
Microsoft Visual Studio Solution File, Format Version 12.00
# Visual Studio 14
VisualStudioVersion = 14.0.23107.0
MinimumVisualStudioVersion = 10.0.40219.1
Project("{FAE04EC0-301F-11D3-BF4B-00C04F79EFBC}") = "WpfSavePositionSample", "WpfSavePositionSample\WpfSavePositionSample.csproj", "{FDA9B38C-4320-43EB-A4E5-0327525B6BF8}"
EndProject
Project("{FAE04EC0-301F-11D3-BF4B-00C04F79EFBC}") = "UnitTestProject", "UnitTestProject\UnitTestProject.csproj", "{B501CEA8-83C8-4A61-9F42-C065122C93C0}"
EndProject
Global
	GlobalSection(SolutionConfigurationPlatforms) = preSolution
		Debug|Any CPU = Debug|Any CPU
		Release|Any CPU = Release|Any CPU
	EndGlobalSection
	GlobalSection(ProjectConfigurationPlatforms) = postSolution
		{FDA9B38C-4320-43EB-A4E5-0327525B6BF8}.Debug|Any CPU.ActiveCfg = Debug|Any CPU
		{FDA9B38C-4320-43EB-A4E5-0327525B6BF8}.Debug|Any CPU.Build.0 = Debug|Any CPU
		{FDA9B38C-4320-43EB-A4E5-0327525B6BF8}.Release|Any CPU.ActiveCfg = Release|Any CPU
		{FDA9B38C-4320-43EB-A4E5-0327525B6BF8}.Release|Any CPU.Build.0 = Release|Any CPU
		{B501CEA8-83C8-4A61-9F42-C065122C93C0}.Debug|Any CPU.ActiveCfg = Debug|Any CPU
		{B501CEA8-83C8-4A61-9F42-C065122C93C0}.Debug|Any CPU.Build.0 = Debug|Any CPU
		{B501CEA8-83C8-4A61-9F42-C065122C93C0}.Release|Any CPU.ActiveCfg = Release|Any CPU
		{B501CEA8-83C8-4A61-9F42-C065122C93C0}.Release|Any CPU.Build.0 = Release|Any CPU
	EndGlobalSection
	GlobalSection(SolutionProperties) = preSolution
		HideSolutionNode = FALSE
	EndGlobalSection
EndGlobal
